// !$*UTF8*$!
{
	archiveVersion = 1;
	classes = {
	};
	objectVersion = 46;
	objects = {

/* Begin PBXBuildFile section */
		9E34749F1DEFE11B006620EA /* AppDelegate.swift in Sources */ = {isa = PBXBuildFile; fileRef = 9E34749E1DEFE11B006620EA /* AppDelegate.swift */; };
		9E3474A11DEFE11B006620EA /* ViewController.swift in Sources */ = {isa = PBXBuildFile; fileRef = 9E3474A01DEFE11B006620EA /* ViewController.swift */; };
		9E3474A41DEFE11B006620EA /* Main.storyboard in Resources */ = {isa = PBXBuildFile; fileRef = 9E3474A21DEFE11B006620EA /* Main.storyboard */; };
		9E3474A61DEFE11B006620EA /* Assets.xcassets in Resources */ = {isa = PBXBuildFile; fileRef = 9E3474A51DEFE11B006620EA /* Assets.xcassets */; };
		9E3474A91DEFE11B006620EA /* LaunchScreen.storyboard in Resources */ = {isa = PBXBuildFile; fileRef = 9E3474A71DEFE11B006620EA /* LaunchScreen.storyboard */; };
		9E3474B31DEFE3BA006620EA /* RxSwift.framework in Frameworks */ = {isa = PBXBuildFile; fileRef = 9E3474B11DEFE3BA006620EA /* RxSwift.framework */; };
		9E3474BA1DEFE46F006620EA /* RxSwift.framework in Frameworks */ = {isa = PBXBuildFile; fileRef = 9E3474B11DEFE3BA006620EA /* RxSwift.framework */; };
		9E3474BB1DEFE46F006620EA /* RxSwift.framework in Embed Frameworks */ = {isa = PBXBuildFile; fileRef = 9E3474B11DEFE3BA006620EA /* RxSwift.framework */; settings = {ATTRIBUTES = (CodeSignOnCopy, RemoveHeadersOnCopy, ); }; };
		9E3474BE1DEFE4BA006620EA /* ReSwiftRxBridge.swift in Sources */ = {isa = PBXBuildFile; fileRef = 9E3474BD1DEFE4BA006620EA /* ReSwiftRxBridge.swift */; };
		9E4774A41DF1193D002EBA8B /* ReactiveReSwift.framework in Frameworks */ = {isa = PBXBuildFile; fileRef = 9E4774A31DF1193D002EBA8B /* ReactiveReSwift.framework */; };
		9E4774A51DF1193D002EBA8B /* ReactiveReSwift.framework in Embed Frameworks */ = {isa = PBXBuildFile; fileRef = 9E4774A31DF1193D002EBA8B /* ReactiveReSwift.framework */; settings = {ATTRIBUTES = (CodeSignOnCopy, RemoveHeadersOnCopy, ); }; };
		9E4774C21DF14766002EBA8B /* Actions.swift in Sources */ = {isa = PBXBuildFile; fileRef = 9E4774BD1DF14766002EBA8B /* Actions.swift */; };
		9E4774C31DF14766002EBA8B /* CounterReducer.swift in Sources */ = {isa = PBXBuildFile; fileRef = 9E4774BF1DF14766002EBA8B /* CounterReducer.swift */; };
		9E4774C41DF14766002EBA8B /* AppState.swift in Sources */ = {isa = PBXBuildFile; fileRef = 9E4774C11DF14766002EBA8B /* AppState.swift */; };
/* End PBXBuildFile section */

/* Begin PBXCopyFilesBuildPhase section */
		9E3474BC1DEFE470006620EA /* Embed Frameworks */ = {
			isa = PBXCopyFilesBuildPhase;
			buildActionMask = 2147483647;
			dstPath = "";
			dstSubfolderSpec = 10;
			files = (
				9E3474BB1DEFE46F006620EA /* RxSwift.framework in Embed Frameworks */,
				9E4774A51DF1193D002EBA8B /* ReactiveReSwift.framework in Embed Frameworks */,
			);
			name = "Embed Frameworks";
			runOnlyForDeploymentPostprocessing = 0;
		};
/* End PBXCopyFilesBuildPhase section */

/* Begin PBXFileReference section */
		9E34749B1DEFE11B006620EA /* ReSwiftRx-RxSwiftExample.app */ = {isa = PBXFileReference; explicitFileType = wrapper.application; includeInIndex = 0; path = "ReSwiftRx-RxSwiftExample.app"; sourceTree = BUILT_PRODUCTS_DIR; };
		9E34749E1DEFE11B006620EA /* AppDelegate.swift */ = {isa = PBXFileReference; lastKnownFileType = sourcecode.swift; path = AppDelegate.swift; sourceTree = "<group>"; };
		9E3474A01DEFE11B006620EA /* ViewController.swift */ = {isa = PBXFileReference; lastKnownFileType = sourcecode.swift; path = ViewController.swift; sourceTree = "<group>"; };
		9E3474A31DEFE11B006620EA /* Base */ = {isa = PBXFileReference; lastKnownFileType = file.storyboard; name = Base; path = Base.lproj/Main.storyboard; sourceTree = "<group>"; };
		9E3474A51DEFE11B006620EA /* Assets.xcassets */ = {isa = PBXFileReference; lastKnownFileType = folder.assetcatalog; path = Assets.xcassets; sourceTree = "<group>"; };
		9E3474A81DEFE11B006620EA /* Base */ = {isa = PBXFileReference; lastKnownFileType = file.storyboard; name = Base; path = Base.lproj/LaunchScreen.storyboard; sourceTree = "<group>"; };
		9E3474AA1DEFE11B006620EA /* Info.plist */ = {isa = PBXFileReference; lastKnownFileType = text.plist.xml; path = Info.plist; sourceTree = "<group>"; };
		9E3474B11DEFE3BA006620EA /* RxSwift.framework */ = {isa = PBXFileReference; lastKnownFileType = wrapper.framework; name = RxSwift.framework; path = Carthage/Build/iOS/RxSwift.framework; sourceTree = "<group>"; };
		9E3474BD1DEFE4BA006620EA /* ReSwiftRxBridge.swift */ = {isa = PBXFileReference; fileEncoding = 4; lastKnownFileType = sourcecode.swift; path = ReSwiftRxBridge.swift; sourceTree = "<group>"; };
		9E4774A31DF1193D002EBA8B /* ReactiveReSwift.framework */ = {isa = PBXFileReference; lastKnownFileType = wrapper.framework; name = ReactiveReSwift.framework; path = Carthage/Build/iOS/ReactiveReSwift.framework; sourceTree = "<group>"; };
		9E4774BD1DF14766002EBA8B /* Actions.swift */ = {isa = PBXFileReference; fileEncoding = 4; lastKnownFileType = sourcecode.swift; path = Actions.swift; sourceTree = "<group>"; };
		9E4774BF1DF14766002EBA8B /* CounterReducer.swift */ = {isa = PBXFileReference; fileEncoding = 4; lastKnownFileType = sourcecode.swift; path = CounterReducer.swift; sourceTree = "<group>"; };
		9E4774C11DF14766002EBA8B /* AppState.swift */ = {isa = PBXFileReference; fileEncoding = 4; lastKnownFileType = sourcecode.swift; path = AppState.swift; sourceTree = "<group>"; };
/* End PBXFileReference section */

/* Begin PBXFrameworksBuildPhase section */
		9E3474981DEFE11B006620EA /* Frameworks */ = {
			isa = PBXFrameworksBuildPhase;
			buildActionMask = 2147483647;
			files = (
				9E3474BA1DEFE46F006620EA /* RxSwift.framework in Frameworks */,
				9E3474B31DEFE3BA006620EA /* RxSwift.framework in Frameworks */,
				9E4774A41DF1193D002EBA8B /* ReactiveReSwift.framework in Frameworks */,
			);
			runOnlyForDeploymentPostprocessing = 0;
		};
/* End PBXFrameworksBuildPhase section */

/* Begin PBXGroup section */
		9E3474921DEFE11B006620EA = {
			isa = PBXGroup;
			children = (
				9E4774A31DF1193D002EBA8B /* ReactiveReSwift.framework */,
				9E3474B11DEFE3BA006620EA /* RxSwift.framework */,
				9E34749D1DEFE11B006620EA /* ReSwiftRx-RxSwiftExample */,
				9E34749C1DEFE11B006620EA /* Products */,
			);
			sourceTree = "<group>";
		};
		9E34749C1DEFE11B006620EA /* Products */ = {
			isa = PBXGroup;
			children = (
				9E34749B1DEFE11B006620EA /* ReSwiftRx-RxSwiftExample.app */,
			);
			name = Products;
			sourceTree = "<group>";
		};
		9E34749D1DEFE11B006620EA /* ReSwiftRx-RxSwiftExample */ = {
			isa = PBXGroup;
			children = (
				9E4774BC1DF14766002EBA8B /* Actions */,
				9E4774BE1DF14766002EBA8B /* Reducers */,
				9E4774C01DF14766002EBA8B /* State */,
				9E3474BD1DEFE4BA006620EA /* ReSwiftRxBridge.swift */,
				9E34749E1DEFE11B006620EA /* AppDelegate.swift */,
				9E3474A01DEFE11B006620EA /* ViewController.swift */,
				9E3474A21DEFE11B006620EA /* Main.storyboard */,
				9E3474A51DEFE11B006620EA /* Assets.xcassets */,
				9E3474A71DEFE11B006620EA /* LaunchScreen.storyboard */,
				9E3474AA1DEFE11B006620EA /* Info.plist */,
			);
			path = "ReSwiftRx-RxSwiftExample";
			sourceTree = "<group>";
		};
		9E4774BC1DF14766002EBA8B /* Actions */ = {
			isa = PBXGroup;
			children = (
				9E4774BD1DF14766002EBA8B /* Actions.swift */,
			);
			path = Actions;
			sourceTree = "<group>";
		};
		9E4774BE1DF14766002EBA8B /* Reducers */ = {
			isa = PBXGroup;
			children = (
				9E4774BF1DF14766002EBA8B /* CounterReducer.swift */,
			);
			path = Reducers;
			sourceTree = "<group>";
		};
		9E4774C01DF14766002EBA8B /* State */ = {
			isa = PBXGroup;
			children = (
				9E4774C11DF14766002EBA8B /* AppState.swift */,
			);
			path = State;
			sourceTree = "<group>";
		};
/* End PBXGroup section */

/* Begin PBXNativeTarget section */
		9E34749A1DEFE11B006620EA /* ReSwiftRx-RxSwiftExample */ = {
			isa = PBXNativeTarget;
			buildConfigurationList = 9E3474AD1DEFE11B006620EA /* Build configuration list for PBXNativeTarget "ReSwiftRx-RxSwiftExample" */;
			buildPhases = (
				9E3474971DEFE11B006620EA /* Sources */,
				9E3474981DEFE11B006620EA /* Frameworks */,
				9E3474991DEFE11B006620EA /* Resources */,
				9E3474BC1DEFE470006620EA /* Embed Frameworks */,
			);
			buildRules = (
			);
			dependencies = (
			);
			name = "ReSwiftRx-RxSwiftExample";
			productName = "ReSwiftRx-RxSwiftExample";
			productReference = 9E34749B1DEFE11B006620EA /* ReSwiftRx-RxSwiftExample.app */;
			productType = "com.apple.product-type.application";
		};
/* End PBXNativeTarget section */

/* Begin PBXProject section */
		9E3474931DEFE11B006620EA /* Project object */ = {
			isa = PBXProject;
			attributes = {
				LastSwiftUpdateCheck = 0810;
				LastUpgradeCheck = 0810;
				ORGANIZATIONNAME = ReSwift;
				TargetAttributes = {
					9E34749A1DEFE11B006620EA = {
						CreatedOnToolsVersion = 8.1;
						ProvisioningStyle = Automatic;
					};
				};
			};
			buildConfigurationList = 9E3474961DEFE11B006620EA /* Build configuration list for PBXProject "ReSwiftRx-RxSwiftExample" */;
			compatibilityVersion = "Xcode 3.2";
			developmentRegion = English;
			hasScannedForEncodings = 0;
			knownRegions = (
				en,
				Base,
			);
			mainGroup = 9E3474921DEFE11B006620EA;
			productRefGroup = 9E34749C1DEFE11B006620EA /* Products */;
			projectDirPath = "";
			projectRoot = "";
			targets = (
				9E34749A1DEFE11B006620EA /* ReSwiftRx-RxSwiftExample */,
			);
		};
/* End PBXProject section */

/* Begin PBXResourcesBuildPhase section */
		9E3474991DEFE11B006620EA /* Resources */ = {
			isa = PBXResourcesBuildPhase;
			buildActionMask = 2147483647;
			files = (
				9E3474A91DEFE11B006620EA /* LaunchScreen.storyboard in Resources */,
				9E3474A61DEFE11B006620EA /* Assets.xcassets in Resources */,
				9E3474A41DEFE11B006620EA /* Main.storyboard in Resources */,
			);
			runOnlyForDeploymentPostprocessing = 0;
		};
/* End PBXResourcesBuildPhase section */

/* Begin PBXSourcesBuildPhase section */
		9E3474971DEFE11B006620EA /* Sources */ = {
			isa = PBXSourcesBuildPhase;
			buildActionMask = 2147483647;
			files = (
				9E3474BE1DEFE4BA006620EA /* ReSwiftRxBridge.swift in Sources */,
				9E4774C31DF14766002EBA8B /* CounterReducer.swift in Sources */,
				9E4774C21DF14766002EBA8B /* Actions.swift in Sources */,
				9E4774C41DF14766002EBA8B /* AppState.swift in Sources */,
				9E3474A11DEFE11B006620EA /* ViewController.swift in Sources */,
				9E34749F1DEFE11B006620EA /* AppDelegate.swift in Sources */,
			);
			runOnlyForDeploymentPostprocessing = 0;
		};
/* End PBXSourcesBuildPhase section */

/* Begin PBXVariantGroup section */
		9E3474A21DEFE11B006620EA /* Main.storyboard */ = {
			isa = PBXVariantGroup;
			children = (
				9E3474A31DEFE11B006620EA /* Base */,
			);
			name = Main.storyboard;
			sourceTree = "<group>";
		};
		9E3474A71DEFE11B006620EA /* LaunchScreen.storyboard */ = {
			isa = PBXVariantGroup;
			children = (
				9E3474A81DEFE11B006620EA /* Base */,
			);
			name = LaunchScreen.storyboard;
			sourceTree = "<group>";
		};
/* End PBXVariantGroup section */

/* Begin XCBuildConfiguration section */
		9E3474AB1DEFE11B006620EA /* Debug */ = {
			isa = XCBuildConfiguration;
			buildSettings = {
				ALWAYS_SEARCH_USER_PATHS = NO;
				CLANG_ANALYZER_NONNULL = YES;
				CLANG_CXX_LANGUAGE_STANDARD = "gnu++0x";
				CLANG_CXX_LIBRARY = "libc++";
				CLANG_ENABLE_MODULES = YES;
				CLANG_ENABLE_OBJC_ARC = YES;
				CLANG_WARN_BOOL_CONVERSION = YES;
				CLANG_WARN_CONSTANT_CONVERSION = YES;
				CLANG_WARN_DIRECT_OBJC_ISA_USAGE = YES_ERROR;
				CLANG_WARN_DOCUMENTATION_COMMENTS = YES;
				CLANG_WARN_EMPTY_BODY = YES;
				CLANG_WARN_ENUM_CONVERSION = YES;
				CLANG_WARN_INFINITE_RECURSION = YES;
				CLANG_WARN_INT_CONVERSION = YES;
				CLANG_WARN_OBJC_ROOT_CLASS = YES_ERROR;
				CLANG_WARN_SUSPICIOUS_MOVES = YES;
				CLANG_WARN_UNREACHABLE_CODE = YES;
				CLANG_WARN__DUPLICATE_METHOD_MATCH = YES;
				"CODE_SIGN_IDENTITY[sdk=iphoneos*]" = "iPhone Developer";
				COPY_PHASE_STRIP = NO;
				DEBUG_INFORMATION_FORMAT = dwarf;
				ENABLE_STRICT_OBJC_MSGSEND = YES;
				ENABLE_TESTABILITY = YES;
				GCC_C_LANGUAGE_STANDARD = gnu99;
				GCC_DYNAMIC_NO_PIC = NO;
				GCC_NO_COMMON_BLOCKS = YES;
				GCC_OPTIMIZATION_LEVEL = 0;
				GCC_PREPROCESSOR_DEFINITIONS = (
					"DEBUG=1",
					"$(inherited)",
				);
				GCC_WARN_64_TO_32_BIT_CONVERSION = YES;
				GCC_WARN_ABOUT_RETURN_TYPE = YES_ERROR;
				GCC_WARN_UNDECLARED_SELECTOR = YES;
				GCC_WARN_UNINITIALIZED_AUTOS = YES_AGGRESSIVE;
				GCC_WARN_UNUSED_FUNCTION = YES;
				GCC_WARN_UNUSED_VARIABLE = YES;
				IPHONEOS_DEPLOYMENT_TARGET = 10.1;
				MTL_ENABLE_DEBUG_INFO = YES;
				ONLY_ACTIVE_ARCH = YES;
				SDKROOT = iphoneos;
				SWIFT_ACTIVE_COMPILATION_CONDITIONS = DEBUG;
				SWIFT_OPTIMIZATION_LEVEL = "-Onone";
			};
			name = Debug;
		};
		9E3474AC1DEFE11B006620EA /* Release */ = {
			isa = XCBuildConfiguration;
			buildSettings = {
				ALWAYS_SEARCH_USER_PATHS = NO;
				CLANG_ANALYZER_NONNULL = YES;
				CLANG_CXX_LANGUAGE_STANDARD = "gnu++0x";
				CLANG_CXX_LIBRARY = "libc++";
				CLANG_ENABLE_MODULES = YES;
				CLANG_ENABLE_OBJC_ARC = YES;
				CLANG_WARN_BOOL_CONVERSION = YES;
				CLANG_WARN_CONSTANT_CONVERSION = YES;
				CLANG_WARN_DIRECT_OBJC_ISA_USAGE = YES_ERROR;
				CLANG_WARN_DOCUMENTATION_COMMENTS = YES;
				CLANG_WARN_EMPTY_BODY = YES;
				CLANG_WARN_ENUM_CONVERSION = YES;
				CLANG_WARN_INFINITE_RECURSION = YES;
				CLANG_WARN_INT_CONVERSION = YES;
				CLANG_WARN_OBJC_ROOT_CLASS = YES_ERROR;
				CLANG_WARN_SUSPICIOUS_MOVES = YES;
				CLANG_WARN_UNREACHABLE_CODE = YES;
				CLANG_WARN__DUPLICATE_METHOD_MATCH = YES;
				"CODE_SIGN_IDENTITY[sdk=iphoneos*]" = "iPhone Developer";
				COPY_PHASE_STRIP = NO;
				DEBUG_INFORMATION_FORMAT = "dwarf-with-dsym";
				ENABLE_NS_ASSERTIONS = NO;
				ENABLE_STRICT_OBJC_MSGSEND = YES;
				GCC_C_LANGUAGE_STANDARD = gnu99;
				GCC_NO_COMMON_BLOCKS = YES;
				GCC_WARN_64_TO_32_BIT_CONVERSION = YES;
				GCC_WARN_ABOUT_RETURN_TYPE = YES_ERROR;
				GCC_WARN_UNDECLARED_SELECTOR = YES;
				GCC_WARN_UNINITIALIZED_AUTOS = YES_AGGRESSIVE;
				GCC_WARN_UNUSED_FUNCTION = YES;
				GCC_WARN_UNUSED_VARIABLE = YES;
				IPHONEOS_DEPLOYMENT_TARGET = 10.1;
				MTL_ENABLE_DEBUG_INFO = NO;
				SDKROOT = iphoneos;
				SWIFT_OPTIMIZATION_LEVEL = "-Owholemodule";
				VALIDATE_PRODUCT = YES;
			};
			name = Release;
		};
		9E3474AE1DEFE11B006620EA /* Debug */ = {
			isa = XCBuildConfiguration;
			buildSettings = {
				ASSETCATALOG_COMPILER_APPICON_NAME = AppIcon;
				FRAMEWORK_SEARCH_PATHS = (
					"$(inherited)",
					"$(PROJECT_DIR)/Carthage/Build/iOS",
				);
				INFOPLIST_FILE = "ReSwiftRx-RxSwiftExample/Info.plist";
				LD_RUNPATH_SEARCH_PATHS = "$(inherited) @executable_path/Frameworks";
				PRODUCT_BUNDLE_IDENTIFIER = "ReSwift.ReSwiftRx-RxSwiftExample";
				PRODUCT_NAME = "$(TARGET_NAME)";
				SWIFT_VERSION = 3.0;
			};
			name = Debug;
		};
		9E3474AF1DEFE11B006620EA /* Release */ = {
			isa = XCBuildConfiguration;
			buildSettings = {
				ASSETCATALOG_COMPILER_APPICON_NAME = AppIcon;
				FRAMEWORK_SEARCH_PATHS = (
					"$(inherited)",
					"$(PROJECT_DIR)/Carthage/Build/iOS",
				);
				INFOPLIST_FILE = "ReSwiftRx-RxSwiftExample/Info.plist";
				LD_RUNPATH_SEARCH_PATHS = "$(inherited) @executable_path/Frameworks";
				PRODUCT_BUNDLE_IDENTIFIER = "ReSwift.ReSwiftRx-RxSwiftExample";
				PRODUCT_NAME = "$(TARGET_NAME)";
				SWIFT_VERSION = 3.0;
			};
			name = Release;
		};
/* End XCBuildConfiguration section */

/* Begin XCConfigurationList section */
		9E3474961DEFE11B006620EA /* Build configuration list for PBXProject "ReSwiftRx-RxSwiftExample" */ = {
			isa = XCConfigurationList;
			buildConfigurations = (
				9E3474AB1DEFE11B006620EA /* Debug */,
				9E3474AC1DEFE11B006620EA /* Release */,
			);
			defaultConfigurationIsVisible = 0;
			defaultConfigurationName = Release;
		};
		9E3474AD1DEFE11B006620EA /* Build configuration list for PBXNativeTarget "ReSwiftRx-RxSwiftExample" */ = {
			isa = XCConfigurationList;
			buildConfigurations = (
				9E3474AE1DEFE11B006620EA /* Debug */,
				9E3474AF1DEFE11B006620EA /* Release */,
			);
			defaultConfigurationIsVisible = 0;
			defaultConfigurationName = Release;
		};
/* End XCConfigurationList section */
	};
	rootObject = 9E3474931DEFE11B006620EA /* Project object */;
}
